
Microsoft Visual Studio Solution File, Format Version 12.00
# Visual Studio Version 16
VisualStudioVersion = 16.0.30114.105
MinimumVisualStudioVersion = 10.0.40219.1
Project("{FAE04EC0-301F-11D3-BF4B-00C04F79EFBC}") = "Integers", "Integers\Integers.csproj", "{BBC50EAE-D307-4F82-84C9-FE5A79419AEF}"
EndProject
Global
	GlobalSection(SolutionConfigurationPlatforms) = preSolution
		Debug|Any CPU = Debug|Any CPU
		Release|Any CPU = Release|Any CPU
	EndGlobalSection
	GlobalSection(ProjectConfigurationPlatforms) = postSolution
		{BBC50EAE-D307-4F82-84C9-FE5A79419AEF}.Debug|Any CPU.ActiveCfg = Debug|Any CPU
		{BBC50EAE-D307-4F82-84C9-FE5A79419AEF}.Debug|Any CPU.Build.0 = Debug|Any CPU
		{BBC50EAE-D307-4F82-84C9-FE5A79419AEF}.Release|Any CPU.ActiveCfg = Release|Any CPU
		{BBC50EAE-D307-4F82-84C9-FE5A79419AEF}.Release|Any CPU.Build.0 = Release|Any CPU
	EndGlobalSection
	GlobalSection(SolutionProperties) = preSolution
		HideSolutionNode = FALSE
	EndGlobalSection
	GlobalSection(ExtensibilityGlobals) = postSolution
		SolutionGuid = {E09B85B0-6DA7-4832-80BE-38399BFF4A41}
	EndGlobalSection
EndGlobal
